
Microsoft Visual Studio Solution File, Format Version 12.00
# Visual Studio Version 17
VisualStudioVersion = 17.11.35208.52
MinimumVisualStudioVersion = 10.0.40219.1
Project("{FAE04EC0-301F-11D3-BF4B-00C04F79EFBC}") = "MVCCC", "MVCCC.csproj", "{B288F054-F48A-4855-90E1-5296EA63B0C2}"
EndProject
Global
	GlobalSection(SolutionConfigurationPlatforms) = preSolution
		Debug|Any CPU = Debug|Any CPU
		Release|Any CPU = Release|Any CPU
	EndGlobalSection
	GlobalSection(ProjectConfigurationPlatforms) = postSolution
		{B288F054-F48A-4855-90E1-5296EA63B0C2}.Debug|Any CPU.ActiveCfg = Debug|Any CPU
		{B288F054-F48A-4855-90E1-5296EA63B0C2}.Debug|Any CPU.Build.0 = Debug|Any CPU
		{B288F054-F48A-4855-90E1-5296EA63B0C2}.Release|Any CPU.ActiveCfg = Release|Any CPU
		{B288F054-F48A-4855-90E1-5296EA63B0C2}.Release|Any CPU.Build.0 = Release|Any CPU
	EndGlobalSection
	GlobalSection(SolutionProperties) = preSolution
		HideSolutionNode = FALSE
	EndGlobalSection
	GlobalSection(ExtensibilityGlobals) = postSolution
		SolutionGuid = {A76AAE38-1843-4CC6-A49D-FFADD2C48AFD}
	EndGlobalSection
EndGlobal
